
Microsoft Visual Studio Solution File, Format Version 12.00
# Visual Studio Version 17
VisualStudioVersion = 17.8.34330.188
MinimumVisualStudioVersion = 10.0.40219.1
Project("{9A19103F-16F7-4668-BE54-9A1E7A4F7556}") = "ProjectPRN", "ProjectPRN\ProjectPRN.csproj", "{5AD19ABF-FD39-4FFD-A927-F1E0CE7C6EB5}"
EndProject
Global
	GlobalSection(SolutionConfigurationPlatforms) = preSolution
		Debug|Any CPU = Debug|Any CPU
		Release|Any CPU = Release|Any CPU
	EndGlobalSection
	GlobalSection(ProjectConfigurationPlatforms) = postSolution
		{5AD19ABF-FD39-4FFD-A927-F1E0CE7C6EB5}.Debug|Any CPU.ActiveCfg = Debug|Any CPU
		{5AD19ABF-FD39-4FFD-A927-F1E0CE7C6EB5}.Debug|Any CPU.Build.0 = Debug|Any CPU
		{5AD19ABF-FD39-4FFD-A927-F1E0CE7C6EB5}.Release|Any CPU.ActiveCfg = Release|Any CPU
		{5AD19ABF-FD39-4FFD-A927-F1E0CE7C6EB5}.Release|Any CPU.Build.0 = Release|Any CPU
	EndGlobalSection
	GlobalSection(SolutionProperties) = preSolution
		HideSolutionNode = FALSE
	EndGlobalSection
	GlobalSection(ExtensibilityGlobals) = postSolution
		SolutionGuid = {4E00F4E7-B3C3-4D68-A4B0-0C28B548598D}
	EndGlobalSection
EndGlobal
